
Microsoft Visual Studio Solution File, Format Version 12.00
# Visual Studio Version 17
VisualStudioVersion = 17.11.35327.3
MinimumVisualStudioVersion = 10.0.40219.1
Project("{FAE04EC0-301F-11D3-BF4B-00C04F79EFBC}") = "Bank", "Bank.csproj", "{F34C3B38-0FA7-4E81-BA6F-108C442F4938}"
EndProject
Global
	GlobalSection(SolutionConfigurationPlatforms) = preSolution
		Debug|Any CPU = Debug|Any CPU
		Release|Any CPU = Release|Any CPU
	EndGlobalSection
	GlobalSection(ProjectConfigurationPlatforms) = postSolution
		{F34C3B38-0FA7-4E81-BA6F-108C442F4938}.Debug|Any CPU.ActiveCfg = Debug|Any CPU
		{F34C3B38-0FA7-4E81-BA6F-108C442F4938}.Debug|Any CPU.Build.0 = Debug|Any CPU
		{F34C3B38-0FA7-4E81-BA6F-108C442F4938}.Release|Any CPU.ActiveCfg = Release|Any CPU
		{F34C3B38-0FA7-4E81-BA6F-108C442F4938}.Release|Any CPU.Build.0 = Release|Any CPU
	EndGlobalSection
	GlobalSection(SolutionProperties) = preSolution
		HideSolutionNode = FALSE
	EndGlobalSection
	GlobalSection(ExtensibilityGlobals) = postSolution
		SolutionGuid = {9C810577-8BD2-43C2-9259-968B3A65A768}
	EndGlobalSection
EndGlobal
